
Microsoft Visual Studio Solution File, Format Version 11.00
# Visual Studio 2010
Project("{FAE04EC0-301F-11D3-BF4B-00C04F79EFBC}") = "Assembly-CSharp", "Assembly-CSharp.csproj", "{AD953785-E32E-4BFB-A928-5DF50239542A}"
EndProject
Project("{FAE04EC0-301F-11D3-BF4B-00C04F79EFBC}") = "Assembly-CSharp-Editor", "Assembly-CSharp-Editor.csproj", "{7056E138-9C10-3BF8-B7DD-0CDAFDC47A42}"
EndProject
Global
	GlobalSection(SolutionConfigurationPlatforms) = preSolution
		Debug|Any CPU = Debug|Any CPU
		Release|Any CPU = Release|Any CPU
	EndGlobalSection
	GlobalSection(ProjectConfigurationPlatforms) = postSolution
		{AD953785-E32E-4BFB-A928-5DF50239542A}.Debug|Any CPU.ActiveCfg = Debug|Any CPU
		{AD953785-E32E-4BFB-A928-5DF50239542A}.Debug|Any CPU.Build.0 = Debug|Any CPU
		{AD953785-E32E-4BFB-A928-5DF50239542A}.Release|Any CPU.ActiveCfg = Release|Any CPU
		{AD953785-E32E-4BFB-A928-5DF50239542A}.Release|Any CPU.Build.0 = Release|Any CPU
		{7056E138-9C10-3BF8-B7DD-0CDAFDC47A42}.Debug|Any CPU.ActiveCfg = Debug|Any CPU
		{7056E138-9C10-3BF8-B7DD-0CDAFDC47A42}.Debug|Any CPU.Build.0 = Debug|Any CPU
		{7056E138-9C10-3BF8-B7DD-0CDAFDC47A42}.Release|Any CPU.ActiveCfg = Release|Any CPU
		{7056E138-9C10-3BF8-B7DD-0CDAFDC47A42}.Release|Any CPU.Build.0 = Release|Any CPU
	EndGlobalSection
	GlobalSection(SolutionProperties) = preSolution
		HideSolutionNode = FALSE
	EndGlobalSection
EndGlobal
